
Microsoft Visual Studio Solution File, Format Version 12.00
# Visual Studio Version 16
VisualStudioVersion = 16.0.30406.217
MinimumVisualStudioVersion = 10.0.40219.1
Project("{FAE04EC0-301F-11D3-BF4B-00C04F79EFBC}") = "HelloWorldUserEB", "HelloWorldUserEB\HelloWorldUserEB.csproj", "{5E4BE038-80D8-4FFA-9253-B36FAAC963F2}"
EndProject
Global
	GlobalSection(SolutionConfigurationPlatforms) = preSolution
		Debug|Any CPU = Debug|Any CPU
		Release|Any CPU = Release|Any CPU
	EndGlobalSection
	GlobalSection(ProjectConfigurationPlatforms) = postSolution
		{5E4BE038-80D8-4FFA-9253-B36FAAC963F2}.Debug|Any CPU.ActiveCfg = Debug|Any CPU
		{5E4BE038-80D8-4FFA-9253-B36FAAC963F2}.Debug|Any CPU.Build.0 = Debug|Any CPU
		{5E4BE038-80D8-4FFA-9253-B36FAAC963F2}.Release|Any CPU.ActiveCfg = Release|Any CPU
		{5E4BE038-80D8-4FFA-9253-B36FAAC963F2}.Release|Any CPU.Build.0 = Release|Any CPU
	EndGlobalSection
	GlobalSection(SolutionProperties) = preSolution
		HideSolutionNode = FALSE
	EndGlobalSection
	GlobalSection(ExtensibilityGlobals) = postSolution
		SolutionGuid = {0FA6DE29-8EA2-4EC1-9382-3B784C3AA2BC}
	EndGlobalSection
EndGlobal
